
Microsoft Visual Studio Solution File, Format Version 12.00
# Visual Studio Version 17
VisualStudioVersion = 17.4.33213.308
MinimumVisualStudioVersion = 10.0.40219.1
Project("{FAE04EC0-301F-11D3-BF4B-00C04F79EFBC}") = "LinqIntro", "LinqIntro\LinqIntro.csproj", "{CA4B07C7-96C0-41BF-B618-FCBDC7356F41}"
EndProject
Global
	GlobalSection(SolutionConfigurationPlatforms) = preSolution
		Debug|Any CPU = Debug|Any CPU
		Release|Any CPU = Release|Any CPU
	EndGlobalSection
	GlobalSection(ProjectConfigurationPlatforms) = postSolution
		{CA4B07C7-96C0-41BF-B618-FCBDC7356F41}.Debug|Any CPU.ActiveCfg = Debug|Any CPU
		{CA4B07C7-96C0-41BF-B618-FCBDC7356F41}.Debug|Any CPU.Build.0 = Debug|Any CPU
		{CA4B07C7-96C0-41BF-B618-FCBDC7356F41}.Release|Any CPU.ActiveCfg = Release|Any CPU
		{CA4B07C7-96C0-41BF-B618-FCBDC7356F41}.Release|Any CPU.Build.0 = Release|Any CPU
	EndGlobalSection
	GlobalSection(SolutionProperties) = preSolution
		HideSolutionNode = FALSE
	EndGlobalSection
	GlobalSection(ExtensibilityGlobals) = postSolution
		SolutionGuid = {2F381973-396A-425C-85F5-817CBFC1D688}
	EndGlobalSection
EndGlobal
