
Microsoft Visual Studio Solution File, Format Version 12.00
# Visual Studio Version 17
VisualStudioVersion = 17.4.33213.308
MinimumVisualStudioVersion = 10.0.40219.1
Project("{FAE04EC0-301F-11D3-BF4B-00C04F79EFBC}") = "DILifeTime", "DILifeTime\DILifeTime.csproj", "{47C65453-1B2A-46C1-BF5C-1E8663697D9F}"
EndProject
Global
	GlobalSection(SolutionConfigurationPlatforms) = preSolution
		Debug|Any CPU = Debug|Any CPU
		Release|Any CPU = Release|Any CPU
	EndGlobalSection
	GlobalSection(ProjectConfigurationPlatforms) = postSolution
		{47C65453-1B2A-46C1-BF5C-1E8663697D9F}.Debug|Any CPU.ActiveCfg = Debug|Any CPU
		{47C65453-1B2A-46C1-BF5C-1E8663697D9F}.Debug|Any CPU.Build.0 = Debug|Any CPU
		{47C65453-1B2A-46C1-BF5C-1E8663697D9F}.Release|Any CPU.ActiveCfg = Release|Any CPU
		{47C65453-1B2A-46C1-BF5C-1E8663697D9F}.Release|Any CPU.Build.0 = Release|Any CPU
	EndGlobalSection
	GlobalSection(SolutionProperties) = preSolution
		HideSolutionNode = FALSE
	EndGlobalSection
	GlobalSection(ExtensibilityGlobals) = postSolution
		SolutionGuid = {975589F8-F230-4C8F-8D72-3E75674CCCDB}
	EndGlobalSection
EndGlobal
