
Microsoft Visual Studio Solution File, Format Version 12.00
# Visual Studio Version 17
VisualStudioVersion = 17.4.33213.308
MinimumVisualStudioVersion = 10.0.40219.1
Project("{FAE04EC0-301F-11D3-BF4B-00C04F79EFBC}") = "creatingFunctions", "creatingFunctions\creatingFunctions.csproj", "{0165778C-29FC-47E7-B747-B1CE9A275360}"
EndProject
Global
	GlobalSection(SolutionConfigurationPlatforms) = preSolution
		Debug|Any CPU = Debug|Any CPU
		Release|Any CPU = Release|Any CPU
	EndGlobalSection
	GlobalSection(ProjectConfigurationPlatforms) = postSolution
		{0165778C-29FC-47E7-B747-B1CE9A275360}.Debug|Any CPU.ActiveCfg = Debug|Any CPU
		{0165778C-29FC-47E7-B747-B1CE9A275360}.Debug|Any CPU.Build.0 = Debug|Any CPU
		{0165778C-29FC-47E7-B747-B1CE9A275360}.Release|Any CPU.ActiveCfg = Release|Any CPU
		{0165778C-29FC-47E7-B747-B1CE9A275360}.Release|Any CPU.Build.0 = Release|Any CPU
	EndGlobalSection
	GlobalSection(SolutionProperties) = preSolution
		HideSolutionNode = FALSE
	EndGlobalSection
	GlobalSection(ExtensibilityGlobals) = postSolution
		SolutionGuid = {A47BACE3-6D70-4080-AE4A-E364C0ECB349}
	EndGlobalSection
EndGlobal
