
Microsoft Visual Studio Solution File, Format Version 12.00
# Visual Studio Version 17
VisualStudioVersion = 17.4.33213.308
MinimumVisualStudioVersion = 10.0.40219.1
Project("{9A19103F-16F7-4668-BE54-9A1E7A4F7556}") = "SingleResponsibility", "SingleResponsibility\SingleResponsibility.csproj", "{496A6CEF-8DE7-4769-894D-E86071AA0883}"
EndProject
Project("{9A19103F-16F7-4668-BE54-9A1E7A4F7556}") = "OpenClosed", "OpenClosed\OpenClosed.csproj", "{3F44835B-7033-465A-A328-2BAC18EF83CE}"
EndProject
Project("{9A19103F-16F7-4668-BE54-9A1E7A4F7556}") = "LiskovSubstitution", "LiskovSubstitution\LiskovSubstitution.csproj", "{1291E5E5-4948-4FB1-8254-33210FB9C99E}"
EndProject
Project("{FAE04EC0-301F-11D3-BF4B-00C04F79EFBC}") = "InterfaceSegregation", "InterfaceSegregation\InterfaceSegregation.csproj", "{8C4E973F-FD56-448E-AC6F-F3E8D7D2E634}"
EndProject
Project("{FAE04EC0-301F-11D3-BF4B-00C04F79EFBC}") = "DependencyInversion", "DependencyInversion\DependencyInversion.csproj", "{29872A47-5215-4A94-9CB4-AA8E21D0200E}"
EndProject
Global
	GlobalSection(SolutionConfigurationPlatforms) = preSolution
		Debug|Any CPU = Debug|Any CPU
		Release|Any CPU = Release|Any CPU
	EndGlobalSection
	GlobalSection(ProjectConfigurationPlatforms) = postSolution
		{496A6CEF-8DE7-4769-894D-E86071AA0883}.Debug|Any CPU.ActiveCfg = Debug|Any CPU
		{496A6CEF-8DE7-4769-894D-E86071AA0883}.Debug|Any CPU.Build.0 = Debug|Any CPU
		{496A6CEF-8DE7-4769-894D-E86071AA0883}.Release|Any CPU.ActiveCfg = Release|Any CPU
		{496A6CEF-8DE7-4769-894D-E86071AA0883}.Release|Any CPU.Build.0 = Release|Any CPU
		{3F44835B-7033-465A-A328-2BAC18EF83CE}.Debug|Any CPU.ActiveCfg = Debug|Any CPU
		{3F44835B-7033-465A-A328-2BAC18EF83CE}.Debug|Any CPU.Build.0 = Debug|Any CPU
		{3F44835B-7033-465A-A328-2BAC18EF83CE}.Release|Any CPU.ActiveCfg = Release|Any CPU
		{3F44835B-7033-465A-A328-2BAC18EF83CE}.Release|Any CPU.Build.0 = Release|Any CPU
		{1291E5E5-4948-4FB1-8254-33210FB9C99E}.Debug|Any CPU.ActiveCfg = Debug|Any CPU
		{1291E5E5-4948-4FB1-8254-33210FB9C99E}.Debug|Any CPU.Build.0 = Debug|Any CPU
		{1291E5E5-4948-4FB1-8254-33210FB9C99E}.Release|Any CPU.ActiveCfg = Release|Any CPU
		{1291E5E5-4948-4FB1-8254-33210FB9C99E}.Release|Any CPU.Build.0 = Release|Any CPU
		{8C4E973F-FD56-448E-AC6F-F3E8D7D2E634}.Debug|Any CPU.ActiveCfg = Debug|Any CPU
		{8C4E973F-FD56-448E-AC6F-F3E8D7D2E634}.Debug|Any CPU.Build.0 = Debug|Any CPU
		{8C4E973F-FD56-448E-AC6F-F3E8D7D2E634}.Release|Any CPU.ActiveCfg = Release|Any CPU
		{8C4E973F-FD56-448E-AC6F-F3E8D7D2E634}.Release|Any CPU.Build.0 = Release|Any CPU
		{29872A47-5215-4A94-9CB4-AA8E21D0200E}.Debug|Any CPU.ActiveCfg = Debug|Any CPU
		{29872A47-5215-4A94-9CB4-AA8E21D0200E}.Debug|Any CPU.Build.0 = Debug|Any CPU
		{29872A47-5215-4A94-9CB4-AA8E21D0200E}.Release|Any CPU.ActiveCfg = Release|Any CPU
		{29872A47-5215-4A94-9CB4-AA8E21D0200E}.Release|Any CPU.Build.0 = Release|Any CPU
	EndGlobalSection
	GlobalSection(SolutionProperties) = preSolution
		HideSolutionNode = FALSE
	EndGlobalSection
	GlobalSection(ExtensibilityGlobals) = postSolution
		SolutionGuid = {00C26458-0663-4B37-AD45-FE091E1741DD}
	EndGlobalSection
EndGlobal
