
Microsoft Visual Studio Solution File, Format Version 12.00
# Visual Studio Version 17
VisualStudioVersion = 17.4.33213.308
MinimumVisualStudioVersion = 10.0.40219.1
Project("{FAE04EC0-301F-11D3-BF4B-00C04F79EFBC}") = "DbFirst", "DbFirst\DbFirst.csproj", "{F1EB3576-D840-42D2-85FB-4B68FA75DD0E}"
EndProject
Global
	GlobalSection(SolutionConfigurationPlatforms) = preSolution
		Debug|Any CPU = Debug|Any CPU
		Release|Any CPU = Release|Any CPU
	EndGlobalSection
	GlobalSection(ProjectConfigurationPlatforms) = postSolution
		{F1EB3576-D840-42D2-85FB-4B68FA75DD0E}.Debug|Any CPU.ActiveCfg = Debug|Any CPU
		{F1EB3576-D840-42D2-85FB-4B68FA75DD0E}.Debug|Any CPU.Build.0 = Debug|Any CPU
		{F1EB3576-D840-42D2-85FB-4B68FA75DD0E}.Release|Any CPU.ActiveCfg = Release|Any CPU
		{F1EB3576-D840-42D2-85FB-4B68FA75DD0E}.Release|Any CPU.Build.0 = Release|Any CPU
	EndGlobalSection
	GlobalSection(SolutionProperties) = preSolution
		HideSolutionNode = FALSE
	EndGlobalSection
	GlobalSection(ExtensibilityGlobals) = postSolution
		SolutionGuid = {BD7C2EBA-0483-4547-B309-C96FF545E3EC}
	EndGlobalSection
EndGlobal
