
Microsoft Visual Studio Solution File, Format Version 12.00
# Visual Studio Version 17
VisualStudioVersion = 17.4.33213.308
MinimumVisualStudioVersion = 10.0.40219.1
Project("{FAE04EC0-301F-11D3-BF4B-00C04F79EFBC}") = "SingleResponsibility", "SingleResponsibility\SingleResponsibility.csproj", "{496A6CEF-8DE7-4769-894D-E86071AA0883}"
EndProject
Global
	GlobalSection(SolutionConfigurationPlatforms) = preSolution
		Debug|Any CPU = Debug|Any CPU
		Release|Any CPU = Release|Any CPU
	EndGlobalSection
	GlobalSection(ProjectConfigurationPlatforms) = postSolution
		{496A6CEF-8DE7-4769-894D-E86071AA0883}.Debug|Any CPU.ActiveCfg = Debug|Any CPU
		{496A6CEF-8DE7-4769-894D-E86071AA0883}.Debug|Any CPU.Build.0 = Debug|Any CPU
		{496A6CEF-8DE7-4769-894D-E86071AA0883}.Release|Any CPU.ActiveCfg = Release|Any CPU
		{496A6CEF-8DE7-4769-894D-E86071AA0883}.Release|Any CPU.Build.0 = Release|Any CPU
	EndGlobalSection
	GlobalSection(SolutionProperties) = preSolution
		HideSolutionNode = FALSE
	EndGlobalSection
	GlobalSection(ExtensibilityGlobals) = postSolution
		SolutionGuid = {00C26458-0663-4B37-AD45-FE091E1741DD}
	EndGlobalSection
EndGlobal
