
Microsoft Visual Studio Solution File, Format Version 12.00
# Visual Studio Version 17
VisualStudioVersion = 17.4.33213.308
MinimumVisualStudioVersion = 10.0.40219.1
Project("{FAE04EC0-301F-11D3-BF4B-00C04F79EFBC}") = "AbstractVSInterface", "AbstractVSInterface\AbstractVSInterface.csproj", "{6E0814E1-0DB7-48C3-9EB9-84736F4E3B93}"
EndProject
Global
	GlobalSection(SolutionConfigurationPlatforms) = preSolution
		Debug|Any CPU = Debug|Any CPU
		Release|Any CPU = Release|Any CPU
	EndGlobalSection
	GlobalSection(ProjectConfigurationPlatforms) = postSolution
		{6E0814E1-0DB7-48C3-9EB9-84736F4E3B93}.Debug|Any CPU.ActiveCfg = Debug|Any CPU
		{6E0814E1-0DB7-48C3-9EB9-84736F4E3B93}.Debug|Any CPU.Build.0 = Debug|Any CPU
		{6E0814E1-0DB7-48C3-9EB9-84736F4E3B93}.Release|Any CPU.ActiveCfg = Release|Any CPU
		{6E0814E1-0DB7-48C3-9EB9-84736F4E3B93}.Release|Any CPU.Build.0 = Release|Any CPU
	EndGlobalSection
	GlobalSection(SolutionProperties) = preSolution
		HideSolutionNode = FALSE
	EndGlobalSection
	GlobalSection(ExtensibilityGlobals) = postSolution
		SolutionGuid = {C8842011-359F-4E18-96F3-BDCB13208084}
	EndGlobalSection
EndGlobal
