
Microsoft Visual Studio Solution File, Format Version 12.00
# Visual Studio Version 17
VisualStudioVersion = 17.4.33213.308
MinimumVisualStudioVersion = 10.0.40219.1
Project("{FAE04EC0-301F-11D3-BF4B-00C04F79EFBC}") = "Polymorphism", "Polymorphism\Polymorphism.csproj", "{74E3D31B-70A8-42D7-B949-68B3B22DE634}"
EndProject
Global
	GlobalSection(SolutionConfigurationPlatforms) = preSolution
		Debug|Any CPU = Debug|Any CPU
		Release|Any CPU = Release|Any CPU
	EndGlobalSection
	GlobalSection(ProjectConfigurationPlatforms) = postSolution
		{74E3D31B-70A8-42D7-B949-68B3B22DE634}.Debug|Any CPU.ActiveCfg = Debug|Any CPU
		{74E3D31B-70A8-42D7-B949-68B3B22DE634}.Debug|Any CPU.Build.0 = Debug|Any CPU
		{74E3D31B-70A8-42D7-B949-68B3B22DE634}.Release|Any CPU.ActiveCfg = Release|Any CPU
		{74E3D31B-70A8-42D7-B949-68B3B22DE634}.Release|Any CPU.Build.0 = Release|Any CPU
	EndGlobalSection
	GlobalSection(SolutionProperties) = preSolution
		HideSolutionNode = FALSE
	EndGlobalSection
	GlobalSection(ExtensibilityGlobals) = postSolution
		SolutionGuid = {33AD8F01-A158-44BC-929E-7DD27F263922}
	EndGlobalSection
EndGlobal
