
Microsoft Visual Studio Solution File, Format Version 12.00
# Visual Studio Version 17
VisualStudioVersion = 17.4.33213.308
MinimumVisualStudioVersion = 10.0.40219.1
Project("{FAE04EC0-301F-11D3-BF4B-00C04F79EFBC}") = "GenericTypes", "GenericTypes\GenericTypes.csproj", "{36D8EFBB-8992-48C0-892C-ED5E34FD9A15}"
EndProject
Global
	GlobalSection(SolutionConfigurationPlatforms) = preSolution
		Debug|Any CPU = Debug|Any CPU
		Release|Any CPU = Release|Any CPU
	EndGlobalSection
	GlobalSection(ProjectConfigurationPlatforms) = postSolution
		{36D8EFBB-8992-48C0-892C-ED5E34FD9A15}.Debug|Any CPU.ActiveCfg = Debug|Any CPU
		{36D8EFBB-8992-48C0-892C-ED5E34FD9A15}.Debug|Any CPU.Build.0 = Debug|Any CPU
		{36D8EFBB-8992-48C0-892C-ED5E34FD9A15}.Release|Any CPU.ActiveCfg = Release|Any CPU
		{36D8EFBB-8992-48C0-892C-ED5E34FD9A15}.Release|Any CPU.Build.0 = Release|Any CPU
	EndGlobalSection
	GlobalSection(SolutionProperties) = preSolution
		HideSolutionNode = FALSE
	EndGlobalSection
	GlobalSection(ExtensibilityGlobals) = postSolution
		SolutionGuid = {89EC7D23-84D7-40EB-8FFC-334EEAF8A0B6}
	EndGlobalSection
EndGlobal
