
Microsoft Visual Studio Solution File, Format Version 12.00
# Visual Studio Version 17
VisualStudioVersion = 17.4.33213.308
MinimumVisualStudioVersion = 10.0.40219.1
Project("{FAE04EC0-301F-11D3-BF4B-00C04F79EFBC}") = "NullOperations", "NullOperations\NullOperations.csproj", "{62F10C1A-0DB9-4E0F-844F-FE28B45343EE}"
EndProject
Global
	GlobalSection(SolutionConfigurationPlatforms) = preSolution
		Debug|Any CPU = Debug|Any CPU
		Release|Any CPU = Release|Any CPU
	EndGlobalSection
	GlobalSection(ProjectConfigurationPlatforms) = postSolution
		{62F10C1A-0DB9-4E0F-844F-FE28B45343EE}.Debug|Any CPU.ActiveCfg = Debug|Any CPU
		{62F10C1A-0DB9-4E0F-844F-FE28B45343EE}.Debug|Any CPU.Build.0 = Debug|Any CPU
		{62F10C1A-0DB9-4E0F-844F-FE28B45343EE}.Release|Any CPU.ActiveCfg = Release|Any CPU
		{62F10C1A-0DB9-4E0F-844F-FE28B45343EE}.Release|Any CPU.Build.0 = Release|Any CPU
	EndGlobalSection
	GlobalSection(SolutionProperties) = preSolution
		HideSolutionNode = FALSE
	EndGlobalSection
	GlobalSection(ExtensibilityGlobals) = postSolution
		SolutionGuid = {8FC18396-1F38-427D-864D-19C89E910FCB}
	EndGlobalSection
EndGlobal
